
Microsoft Visual Studio Solution File, Format Version 12.00
# Visual Studio 15
VisualStudioVersion = 15.0.27130.2036
MinimumVisualStudioVersion = 10.0.40219.1
Project("{FAE04EC0-301F-11D3-BF4B-00C04F79EFBC}") = "Tracking_Events", "Tracking_Events\Tracking_Events.csproj", "{E738D0E9-80AD-4D96-8A03-68FC13687DDE}"
EndProject
Global
	GlobalSection(SolutionConfigurationPlatforms) = preSolution
		Debug|Any CPU = Debug|Any CPU
		Release|Any CPU = Release|Any CPU
	EndGlobalSection
	GlobalSection(ProjectConfigurationPlatforms) = postSolution
		{E738D0E9-80AD-4D96-8A03-68FC13687DDE}.Debug|Any CPU.ActiveCfg = Debug|Any CPU
		{E738D0E9-80AD-4D96-8A03-68FC13687DDE}.Debug|Any CPU.Build.0 = Debug|Any CPU
		{E738D0E9-80AD-4D96-8A03-68FC13687DDE}.Release|Any CPU.ActiveCfg = Release|Any CPU
		{E738D0E9-80AD-4D96-8A03-68FC13687DDE}.Release|Any CPU.Build.0 = Release|Any CPU
	EndGlobalSection
	GlobalSection(SolutionProperties) = preSolution
		HideSolutionNode = FALSE
	EndGlobalSection
	GlobalSection(ExtensibilityGlobals) = postSolution
		SolutionGuid = {395B5986-C563-4E43-93AA-DADF1687097B}
	EndGlobalSection
EndGlobal
